
Microsoft Visual Studio Solution File, Format Version 12.00
Project("{FAE04EC0-301F-11D3-BF4B-00C04F79EFBC}") = "BenSadik.FluentApi", "BenSadik.FluentApi\BenSadik.FluentApi.csproj", "{4459117F-2936-48EF-A232-B370794C0133}"
EndProject
Project("{FAE04EC0-301F-11D3-BF4B-00C04F79EFBC}") = "BenSadik.FluentApi.Tests", "BenSadik.FluentApi.Tests\BenSadik.FluentApi.Tests.csproj", "{8C54B2DF-8938-47A8-9453-41A21179048C}"
EndProject
Global
	GlobalSection(SolutionConfigurationPlatforms) = preSolution
		Debug|Any CPU = Debug|Any CPU
		Release|Any CPU = Release|Any CPU
	EndGlobalSection
	GlobalSection(ProjectConfigurationPlatforms) = postSolution
		{4459117F-2936-48EF-A232-B370794C0133}.Debug|Any CPU.ActiveCfg = Debug|Any CPU
		{4459117F-2936-48EF-A232-B370794C0133}.Debug|Any CPU.Build.0 = Debug|Any CPU
		{4459117F-2936-48EF-A232-B370794C0133}.Release|Any CPU.ActiveCfg = Release|Any CPU
		{4459117F-2936-48EF-A232-B370794C0133}.Release|Any CPU.Build.0 = Release|Any CPU
		{8C54B2DF-8938-47A8-9453-41A21179048C}.Debug|Any CPU.ActiveCfg = Debug|Any CPU
		{8C54B2DF-8938-47A8-9453-41A21179048C}.Debug|Any CPU.Build.0 = Debug|Any CPU
		{8C54B2DF-8938-47A8-9453-41A21179048C}.Release|Any CPU.ActiveCfg = Release|Any CPU
		{8C54B2DF-8938-47A8-9453-41A21179048C}.Release|Any CPU.Build.0 = Release|Any CPU
	EndGlobalSection
EndGlobal
